# THIS IS AN AUTOGENERATED FILE. DO NOT EDIT THIS FILE DIRECTLY.
# yarn lockfile v1


complex.js@2.0.4:
  version "2.0.4"
  resolved "https://registry.yarnpkg.com/complex.js/-/complex.js-2.0.4.tgz#d8e7cfb9652d1e853e723386421c1a0ca7a48373"

decimal.js@7.2.3:
  version "7.2.3"
  resolved "https://registry.yarnpkg.com/decimal.js/-/decimal.js-7.2.3.tgz#6434c3b8a8c375780062fc633d0d2bbdb264cc78"

fraction.js@4.0.2:
  version "4.0.2"
  resolved "https://registry.yarnpkg.com/fraction.js/-/fraction.js-4.0.2.tgz#0eae896626f334b1bde763371347a83b5575d7f0"

javascript-natural-sort@0.7.1:
  version "0.7.1"
  resolved "https://registry.yarnpkg.com/javascript-natural-sort/-/javascript-natural-sort-0.7.1.tgz#f9e2303d4507f6d74355a73664d1440fb5a0ef59"

mathjs@^3.16.3:
  version "3.16.3"
  resolved "https://registry.yarnpkg.com/mathjs/-/mathjs-3.16.3.tgz#74f21d553d4cb1a82b480541ae1fcb0bd0f6f0aa"
  dependencies:
    complex.js "2.0.4"
    decimal.js "7.2.3"
    fraction.js "4.0.2"
    javascript-natural-sort "0.7.1"
    seed-random "2.2.0"
    tiny-emitter "2.0.0"
    typed-function "0.10.5"

seed-random@2.2.0:
  version "2.2.0"
  resolved "https://registry.yarnpkg.com/seed-random/-/seed-random-2.2.0.tgz#2a9b19e250a817099231a5b99a4daf80b7fbed54"

tiny-emitter@2.0.0:
  version "2.0.0"
  resolved "https://registry.yarnpkg.com/tiny-emitter/-/tiny-emitter-2.0.0.tgz#bad327adb1804b42a231afa741532bd884cd09ad"

typed-function@0.10.5:
  version "0.10.5"
  resolved "https://registry.yarnpkg.com/typed-function/-/typed-function-0.10.5.tgz#2e0f18abd065219fab694a446a65c6d1981832c0"
