# THIS IS AN AUTOGENERATED FILE. DO NOT EDIT THIS FILE DIRECTLY.
# yarn lockfile v1


complex.js@^2.0.11:
  version "2.0.12"
  resolved "https://registry.yarnpkg.com/complex.js/-/complex.js-2.0.12.tgz#fa4df97d8928e5f7b6a86b35bdeecc3a3eda8a22"

decimal.js@^10.2.1:
  version "10.2.1"
  resolved "https://registry.yarnpkg.com/decimal.js/-/decimal.js-10.2.1.tgz#238ae7b0f0c793d3e3cea410108b35a2c01426a3"

escape-latex@^1.2.0:
  version "1.2.0"
  resolved "https://registry.yarnpkg.com/escape-latex/-/escape-latex-1.2.0.tgz#07c03818cf7dac250cce517f4fda1b001ef2bca1"

fraction.js@^4.0.12:
  version "4.0.13"
  resolved "https://registry.yarnpkg.com/fraction.js/-/fraction.js-4.0.13.tgz#3c1c315fa16b35c85fffa95725a36fa729c69dfe"

javascript-natural-sort@^0.7.1:
  version "0.7.1"
  resolved "https://registry.yarnpkg.com/javascript-natural-sort/-/javascript-natural-sort-0.7.1.tgz#f9e2303d4507f6d74355a73664d1440fb5a0ef59"

mathjs@^7.5.1:
  version "7.5.1"
  resolved "https://registry.yarnpkg.com/mathjs/-/mathjs-7.5.1.tgz#eb125295310a99ddcaf6145c47b09aab36e48274"
  dependencies:
    complex.js "^2.0.11"
    decimal.js "^10.2.1"
    escape-latex "^1.2.0"
    fraction.js "^4.0.12"
    javascript-natural-sort "^0.7.1"
    seed-random "^2.2.0"
    tiny-emitter "^2.1.0"
    typed-function "^2.0.0"

seed-random@^2.2.0:
  version "2.2.0"
  resolved "https://registry.yarnpkg.com/seed-random/-/seed-random-2.2.0.tgz#2a9b19e250a817099231a5b99a4daf80b7fbed54"

tiny-emitter@^2.1.0:
  version "2.1.0"
  resolved "https://registry.yarnpkg.com/tiny-emitter/-/tiny-emitter-2.1.0.tgz#1d1a56edfc51c43e863cbb5382a72330e3555423"

typed-function@^2.0.0:
  version "2.0.0"
  resolved "https://registry.yarnpkg.com/typed-function/-/typed-function-2.0.0.tgz#15ab3825845138a8b1113bd89e60cd6a435739e8"
