{
  "name": "periodicElements",
  "version": "1.0.0",
  "lockfileVersion": 1,
  "requires": true,
  "dependencies": {
    "periodic-table": {
      "version": "0.0.8",
      "resolved": "https://registry.npmjs.org/periodic-table/-/periodic-table-0.0.8.tgz",
      "integrity": "sha1-qkl9u/WpfCP3eRrqaquzDfGW6Fg="
    }
  }
}
