# THIS IS AN AUTOGENERATED FILE. DO NOT EDIT THIS FILE DIRECTLY.
# yarn lockfile v1


complex.js@2.0.1:
  version "2.0.1"
  resolved "https://registry.yarnpkg.com/complex.js/-/complex.js-2.0.1.tgz#ea90c7a05aeceaf3a376d2c0f6a78421727d6879"

decimal.js@7.1.1:
  version "7.1.1"
  resolved "https://registry.yarnpkg.com/decimal.js/-/decimal.js-7.1.1.tgz#1adcad7d70d7a91c426d756f1eb6566c3be6cbcf"

fraction.js@4.0.0:
  version "4.0.0"
  resolved "https://registry.yarnpkg.com/fraction.js/-/fraction.js-4.0.0.tgz#73974e2f8b51ef709536d624cc90782e2bb61274"

mathjs@3.11.2:
  version "3.11.2"
  resolved "https://registry.yarnpkg.com/mathjs/-/mathjs-3.11.2.tgz#d2ca723d7e9254cc58d1421a5a61d8cfac8ff642"
  dependencies:
    complex.js "2.0.1"
    decimal.js "7.1.1"
    fraction.js "4.0.0"
    seed-random "2.2.0"
    tiny-emitter "1.0.2"
    typed-function "0.10.5"

mathsteps@^0.1.6:
  version "0.1.6"
  resolved "https://registry.yarnpkg.com/mathsteps/-/mathsteps-0.1.6.tgz#c02bc3bb915867ce0579a05112a81173e5cdafb0"
  dependencies:
    mathjs "3.11.2"

seed-random@2.2.0:
  version "2.2.0"
  resolved "https://registry.yarnpkg.com/seed-random/-/seed-random-2.2.0.tgz#2a9b19e250a817099231a5b99a4daf80b7fbed54"

tiny-emitter@1.0.2:
  version "1.0.2"
  resolved "https://registry.yarnpkg.com/tiny-emitter/-/tiny-emitter-1.0.2.tgz#8e49470d3f55f89e247210368a6bb9fb51aa1601"

typed-function@0.10.5:
  version "0.10.5"
  resolved "https://registry.yarnpkg.com/typed-function/-/typed-function-0.10.5.tgz#2e0f18abd065219fab694a446a65c6d1981832c0"
