{
  "name": "dictionary",
  "version": "1.0.0",
  "lockfileVersion": 1,
  "requires": true,
  "dependencies": {
    "oxford-dictionary": {
      "version": "1.4.1",
      "resolved": "https://registry.npmjs.org/oxford-dictionary/-/oxford-dictionary-1.4.1.tgz",
      "integrity": "sha1-7uS4jNJLBApxwPvKspEm0P58ePI="
    }
  }
}
